// !$*UTF8*$!
{
	archiveVersion = 1;
	classes = {
	};
	objectVersion = 56;
	objects = {

/* Begin PBXBuildFile section */
		FAA40B8A294C6DF600FF153B /* seedship_managerApp.swift in Sources */ = {isa = PBXBuildFile; fileRef = FAA40B89294C6DF600FF153B /* seedship_managerApp.swift */; };
		FAA40B8C294C6DF600FF153B /* ContentView.swift in Sources */ = {isa = PBXBuildFile; fileRef = FAA40B8B294C6DF600FF153B /* ContentView.swift */; };
		FAA40B8E294C6DF800FF153B /* Assets.xcassets in Resources */ = {isa = PBXBuildFile; fileRef = FAA40B8D294C6DF800FF153B /* Assets.xcassets */; };
		FAA40B91294C6DF800FF153B /* Preview Assets.xcassets in Resources */ = {isa = PBXBuildFile; fileRef = FAA40B90294C6DF800FF153B /* Preview Assets.xcassets */; };
		FAA40B9B294C6DF800FF153B /* seedship_managerTests.swift in Sources */ = {isa = PBXBuildFile; fileRef = FAA40B9A294C6DF800FF153B /* seedship_managerTests.swift */; };
		FAA40BA5294C6DF800FF153B /* seedship_managerUITests.swift in Sources */ = {isa = PBXBuildFile; fileRef = FAA40BA4294C6DF800FF153B /* seedship_managerUITests.swift */; };
		FAA40BA7294C6DF800FF153B /* seedship_managerUITestsLaunchTests.swift in Sources */ = {isa = PBXBuildFile; fileRef = FAA40BA6294C6DF800FF153B /* seedship_managerUITestsLaunchTests.swift */; };
		FAA40BBA294C6F8200FF153B /* PersistenceController.swift in Sources */ = {isa = PBXBuildFile; fileRef = FAA40BB9294C6F8200FF153B /* PersistenceController.swift */; };
		FAA40BBD294C78EB00FF153B /* db.xcdatamodeld in Sources */ = {isa = PBXBuildFile; fileRef = FAA40BBB294C78EB00FF153B /* db.xcdatamodeld */; };
		FAA40BC1294D0B7A00FF153B /* HomeView.swift in Sources */ = {isa = PBXBuildFile; fileRef = FAA40BC0294D0B7A00FF153B /* HomeView.swift */; };
		FAA40BC4294D19D600FF153B /* Aldrich-Regular.ttf in Resources */ = {isa = PBXBuildFile; fileRef = FAA40BC3294D199C00FF153B /* Aldrich-Regular.ttf */; };
		FAA40BC8294D94A300FF153B /* TextModifiers.swift in Sources */ = {isa = PBXBuildFile; fileRef = FAA40BC7294D94A300FF153B /* TextModifiers.swift */; };
		FAA40BCA294D95CE00FF153B /* Constants.swift in Sources */ = {isa = PBXBuildFile; fileRef = FAA40BC9294D95CE00FF153B /* Constants.swift */; };
		FAA40BCE294DE21300FF153B /* CrewMemberItem.swift in Sources */ = {isa = PBXBuildFile; fileRef = FAA40BCD294DE21300FF153B /* CrewMemberItem.swift */; };
		FAA40BD0294E553900FF153B /* VStackModifiers.swift in Sources */ = {isa = PBXBuildFile; fileRef = FAA40BCF294E553900FF153B /* VStackModifiers.swift */; };
		FAA40BD5294E6F5B00FF153B /* HeaderTechnical.swift in Sources */ = {isa = PBXBuildFile; fileRef = FAA40BD4294E6F5B00FF153B /* HeaderTechnical.swift */; };
		FAA40BD7294F207100FF153B /* CrewDatabase.swift in Sources */ = {isa = PBXBuildFile; fileRef = FAA40BD6294F207100FF153B /* CrewDatabase.swift */; };
		FAA40BD9294F272000FF153B /* HorizontalDivider.swift in Sources */ = {isa = PBXBuildFile; fileRef = FAA40BD8294F272000FF153B /* HorizontalDivider.swift */; };
		FAA40BDB294F29A600FF153B /* SubheaderTechnical.swift in Sources */ = {isa = PBXBuildFile; fileRef = FAA40BDA294F29A600FF153B /* SubheaderTechnical.swift */; };
/* End PBXBuildFile section */

/* Begin PBXContainerItemProxy section */
		FAA40B97294C6DF800FF153B /* PBXContainerItemProxy */ = {
			isa = PBXContainerItemProxy;
			containerPortal = FAA40B7E294C6DF600FF153B /* Project object */;
			proxyType = 1;
			remoteGlobalIDString = FAA40B85294C6DF600FF153B;
			remoteInfo = "seedship-manager";
		};
		FAA40BA1294C6DF800FF153B /* PBXContainerItemProxy */ = {
			isa = PBXContainerItemProxy;
			containerPortal = FAA40B7E294C6DF600FF153B /* Project object */;
			proxyType = 1;
			remoteGlobalIDString = FAA40B85294C6DF600FF153B;
			remoteInfo = "seedship-manager";
		};
/* End PBXContainerItemProxy section */

/* Begin PBXFileReference section */
		FAA40B86294C6DF600FF153B /* seedship-manager.app */ = {isa = PBXFileReference; explicitFileType = wrapper.application; includeInIndex = 0; path = "seedship-manager.app"; sourceTree = BUILT_PRODUCTS_DIR; };
		FAA40B89294C6DF600FF153B /* seedship_managerApp.swift */ = {isa = PBXFileReference; lastKnownFileType = sourcecode.swift; path = seedship_managerApp.swift; sourceTree = "<group>"; };
		FAA40B8B294C6DF600FF153B /* ContentView.swift */ = {isa = PBXFileReference; lastKnownFileType = sourcecode.swift; path = ContentView.swift; sourceTree = "<group>"; };
		FAA40B8D294C6DF800FF153B /* Assets.xcassets */ = {isa = PBXFileReference; lastKnownFileType = folder.assetcatalog; path = Assets.xcassets; sourceTree = "<group>"; };
		FAA40B90294C6DF800FF153B /* Preview Assets.xcassets */ = {isa = PBXFileReference; lastKnownFileType = folder.assetcatalog; path = "Preview Assets.xcassets"; sourceTree = "<group>"; };
		FAA40B96294C6DF800FF153B /* seedship-managerTests.xctest */ = {isa = PBXFileReference; explicitFileType = wrapper.cfbundle; includeInIndex = 0; path = "seedship-managerTests.xctest"; sourceTree = BUILT_PRODUCTS_DIR; };
		FAA40B9A294C6DF800FF153B /* seedship_managerTests.swift */ = {isa = PBXFileReference; lastKnownFileType = sourcecode.swift; path = seedship_managerTests.swift; sourceTree = "<group>"; };
		FAA40BA0294C6DF800FF153B /* seedship-managerUITests.xctest */ = {isa = PBXFileReference; explicitFileType = wrapper.cfbundle; includeInIndex = 0; path = "seedship-managerUITests.xctest"; sourceTree = BUILT_PRODUCTS_DIR; };
		FAA40BA4294C6DF800FF153B /* seedship_managerUITests.swift */ = {isa = PBXFileReference; lastKnownFileType = sourcecode.swift; path = seedship_managerUITests.swift; sourceTree = "<group>"; };
		FAA40BA6294C6DF800FF153B /* seedship_managerUITestsLaunchTests.swift */ = {isa = PBXFileReference; lastKnownFileType = sourcecode.swift; path = seedship_managerUITestsLaunchTests.swift; sourceTree = "<group>"; };
		FAA40BB9294C6F8200FF153B /* PersistenceController.swift */ = {isa = PBXFileReference; lastKnownFileType = sourcecode.swift; path = PersistenceController.swift; sourceTree = "<group>"; };
		FAA40BBC294C78EB00FF153B /* db.xcdatamodel */ = {isa = PBXFileReference; lastKnownFileType = wrapper.xcdatamodel; path = db.xcdatamodel; sourceTree = "<group>"; };
		FAA40BC0294D0B7A00FF153B /* HomeView.swift */ = {isa = PBXFileReference; lastKnownFileType = sourcecode.swift; path = HomeView.swift; sourceTree = "<group>"; };
		FAA40BC3294D199C00FF153B /* Aldrich-Regular.ttf */ = {isa = PBXFileReference; lastKnownFileType = file; path = "Aldrich-Regular.ttf"; sourceTree = "<group>"; };
		FAA40BC5294D1B3D00FF153B /* Info.plist */ = {isa = PBXFileReference; lastKnownFileType = text.plist; path = Info.plist; sourceTree = "<group>"; };
		FAA40BC7294D94A300FF153B /* TextModifiers.swift */ = {isa = PBXFileReference; lastKnownFileType = sourcecode.swift; path = TextModifiers.swift; sourceTree = "<group>"; };
		FAA40BC9294D95CE00FF153B /* Constants.swift */ = {isa = PBXFileReference; lastKnownFileType = sourcecode.swift; path = Constants.swift; sourceTree = "<group>"; };
		FAA40BCD294DE21300FF153B /* CrewMemberItem.swift */ = {isa = PBXFileReference; lastKnownFileType = sourcecode.swift; path = CrewMemberItem.swift; sourceTree = "<group>"; };
		FAA40BCF294E553900FF153B /* VStackModifiers.swift */ = {isa = PBXFileReference; lastKnownFileType = sourcecode.swift; path = VStackModifiers.swift; sourceTree = "<group>"; };
		FAA40BD4294E6F5B00FF153B /* HeaderTechnical.swift */ = {isa = PBXFileReference; lastKnownFileType = sourcecode.swift; path = HeaderTechnical.swift; sourceTree = "<group>"; };
		FAA40BD6294F207100FF153B /* CrewDatabase.swift */ = {isa = PBXFileReference; lastKnownFileType = sourcecode.swift; path = CrewDatabase.swift; sourceTree = "<group>"; };
		FAA40BD8294F272000FF153B /* HorizontalDivider.swift */ = {isa = PBXFileReference; lastKnownFileType = sourcecode.swift; path = HorizontalDivider.swift; sourceTree = "<group>"; };
		FAA40BDA294F29A600FF153B /* SubheaderTechnical.swift */ = {isa = PBXFileReference; lastKnownFileType = sourcecode.swift; path = SubheaderTechnical.swift; sourceTree = "<group>"; };
/* End PBXFileReference section */

/* Begin PBXFrameworksBuildPhase section */
		FAA40B83294C6DF600FF153B /* Frameworks */ = {
			isa = PBXFrameworksBuildPhase;
			buildActionMask = 2147483647;
			files = (
			);
			runOnlyForDeploymentPostprocessing = 0;
		};
		FAA40B93294C6DF800FF153B /* Frameworks */ = {
			isa = PBXFrameworksBuildPhase;
			buildActionMask = 2147483647;
			files = (
			);
			runOnlyForDeploymentPostprocessing = 0;
		};
		FAA40B9D294C6DF800FF153B /* Frameworks */ = {
			isa = PBXFrameworksBuildPhase;
			buildActionMask = 2147483647;
			files = (
			);
			runOnlyForDeploymentPostprocessing = 0;
		};
/* End PBXFrameworksBuildPhase section */

/* Begin PBXGroup section */
		FAA40B7D294C6DF600FF153B = {
			isa = PBXGroup;
			children = (
				FAA40B88294C6DF600FF153B /* seedship-manager */,
				FAA40B99294C6DF800FF153B /* seedship-managerTests */,
				FAA40BA3294C6DF800FF153B /* seedship-managerUITests */,
				FAA40B87294C6DF600FF153B /* Products */,
			);
			sourceTree = "<group>";
		};
		FAA40B87294C6DF600FF153B /* Products */ = {
			isa = PBXGroup;
			children = (
				FAA40B86294C6DF600FF153B /* seedship-manager.app */,
				FAA40B96294C6DF800FF153B /* seedship-managerTests.xctest */,
				FAA40BA0294C6DF800FF153B /* seedship-managerUITests.xctest */,
			);
			name = Products;
			sourceTree = "<group>";
		};
		FAA40B88294C6DF600FF153B /* seedship-manager */ = {
			isa = PBXGroup;
			children = (
				FAA40BC5294D1B3D00FF153B /* Info.plist */,
				FAA40BC2294D194800FF153B /* Fonts */,
				FAA40BB3294C6EBE00FF153B /* Core Data */,
				FAA40BC6294D946300FF153B /* View Modifiers */,
				FAA40BBE294D08C300FF153B /* Components */,
				FAA40BBF294D08CA00FF153B /* Pages */,
				FAA40B89294C6DF600FF153B /* seedship_managerApp.swift */,
				FAA40B8B294C6DF600FF153B /* ContentView.swift */,
				FAA40B8D294C6DF800FF153B /* Assets.xcassets */,
				FAA40B8F294C6DF800FF153B /* Preview Content */,
			);
			path = "seedship-manager";
			sourceTree = "<group>";
		};
		FAA40B8F294C6DF800FF153B /* Preview Content */ = {
			isa = PBXGroup;
			children = (
				FAA40B90294C6DF800FF153B /* Preview Assets.xcassets */,
			);
			path = "Preview Content";
			sourceTree = "<group>";
		};
		FAA40B99294C6DF800FF153B /* seedship-managerTests */ = {
			isa = PBXGroup;
			children = (
				FAA40B9A294C6DF800FF153B /* seedship_managerTests.swift */,
			);
			path = "seedship-managerTests";
			sourceTree = "<group>";
		};
		FAA40BA3294C6DF800FF153B /* seedship-managerUITests */ = {
			isa = PBXGroup;
			children = (
				FAA40BA4294C6DF800FF153B /* seedship_managerUITests.swift */,
				FAA40BA6294C6DF800FF153B /* seedship_managerUITestsLaunchTests.swift */,
			);
			path = "seedship-managerUITests";
			sourceTree = "<group>";
		};
		FAA40BB3294C6EBE00FF153B /* Core Data */ = {
			isa = PBXGroup;
			children = (
				FAA40BB9294C6F8200FF153B /* PersistenceController.swift */,
				FAA40BBB294C78EB00FF153B /* db.xcdatamodeld */,
			);
			path = "Core Data";
			sourceTree = "<group>";
		};
		FAA40BBE294D08C300FF153B /* Components */ = {
			isa = PBXGroup;
			children = (
				FAA40BD3294E6F4600FF153B /* Layouts */,
				FAA40BCB294DE1F300FF153B /* Lists */,
				FAA40BD8294F272000FF153B /* HorizontalDivider.swift */,
			);
			path = Components;
			sourceTree = "<group>";
		};
		FAA40BBF294D08CA00FF153B /* Pages */ = {
			isa = PBXGroup;
			children = (
				FAA40BC0294D0B7A00FF153B /* HomeView.swift */,
				FAA40BD6294F207100FF153B /* CrewDatabase.swift */,
			);
			path = Pages;
			sourceTree = "<group>";
		};
		FAA40BC2294D194800FF153B /* Fonts */ = {
			isa = PBXGroup;
			children = (
				FAA40BC3294D199C00FF153B /* Aldrich-Regular.ttf */,
			);
			path = Fonts;
			sourceTree = "<group>";
		};
		FAA40BC6294D946300FF153B /* View Modifiers */ = {
			isa = PBXGroup;
			children = (
				FAA40BC7294D94A300FF153B /* TextModifiers.swift */,
				FAA40BC9294D95CE00FF153B /* Constants.swift */,
				FAA40BCF294E553900FF153B /* VStackModifiers.swift */,
			);
			path = "View Modifiers";
			sourceTree = "<group>";
		};
		FAA40BCB294DE1F300FF153B /* Lists */ = {
			isa = PBXGroup;
			children = (
				FAA40BCC294DE1FD00FF153B /* Items */,
			);
			path = Lists;
			sourceTree = "<group>";
		};
		FAA40BCC294DE1FD00FF153B /* Items */ = {
			isa = PBXGroup;
			children = (
				FAA40BCD294DE21300FF153B /* CrewMemberItem.swift */,
			);
			path = Items;
			sourceTree = "<group>";
		};
		FAA40BD3294E6F4600FF153B /* Layouts */ = {
			isa = PBXGroup;
			children = (
				FAA40BD4294E6F5B00FF153B /* HeaderTechnical.swift */,
				FAA40BDA294F29A600FF153B /* SubheaderTechnical.swift */,
			);
			path = Layouts;
			sourceTree = "<group>";
		};
/* End PBXGroup section */

/* Begin PBXNativeTarget section */
		FAA40B85294C6DF600FF153B /* seedship-manager */ = {
			isa = PBXNativeTarget;
			buildConfigurationList = FAA40BAA294C6DF800FF153B /* Build configuration list for PBXNativeTarget "seedship-manager" */;
			buildPhases = (
				FAA40B82294C6DF600FF153B /* Sources */,
				FAA40B83294C6DF600FF153B /* Frameworks */,
				FAA40B84294C6DF600FF153B /* Resources */,
			);
			buildRules = (
			);
			dependencies = (
			);
			name = "seedship-manager";
			productName = "seedship-manager";
			productReference = FAA40B86294C6DF600FF153B /* seedship-manager.app */;
			productType = "com.apple.product-type.application";
		};
		FAA40B95294C6DF800FF153B /* seedship-managerTests */ = {
			isa = PBXNativeTarget;
			buildConfigurationList = FAA40BAD294C6DF800FF153B /* Build configuration list for PBXNativeTarget "seedship-managerTests" */;
			buildPhases = (
				FAA40B92294C6DF800FF153B /* Sources */,
				FAA40B93294C6DF800FF153B /* Frameworks */,
				FAA40B94294C6DF800FF153B /* Resources */,
			);
			buildRules = (
			);
			dependencies = (
				FAA40B98294C6DF800FF153B /* PBXTargetDependency */,
			);
			name = "seedship-managerTests";
			productName = "seedship-managerTests";
			productReference = FAA40B96294C6DF800FF153B /* seedship-managerTests.xctest */;
			productType = "com.apple.product-type.bundle.unit-test";
		};
		FAA40B9F294C6DF800FF153B /* seedship-managerUITests */ = {
			isa = PBXNativeTarget;
			buildConfigurationList = FAA40BB0294C6DF800FF153B /* Build configuration list for PBXNativeTarget "seedship-managerUITests" */;
			buildPhases = (
				FAA40B9C294C6DF800FF153B /* Sources */,
				FAA40B9D294C6DF800FF153B /* Frameworks */,
				FAA40B9E294C6DF800FF153B /* Resources */,
			);
			buildRules = (
			);
			dependencies = (
				FAA40BA2294C6DF800FF153B /* PBXTargetDependency */,
			);
			name = "seedship-managerUITests";
			productName = "seedship-managerUITests";
			productReference = FAA40BA0294C6DF800FF153B /* seedship-managerUITests.xctest */;
			productType = "com.apple.product-type.bundle.ui-testing";
		};
/* End PBXNativeTarget section */

/* Begin PBXProject section */
		FAA40B7E294C6DF600FF153B /* Project object */ = {
			isa = PBXProject;
			attributes = {
				BuildIndependentTargetsInParallel = 1;
				LastSwiftUpdateCheck = 1410;
				LastUpgradeCheck = 1410;
				TargetAttributes = {
					FAA40B85294C6DF600FF153B = {
						CreatedOnToolsVersion = 14.1;
					};
					FAA40B95294C6DF800FF153B = {
						CreatedOnToolsVersion = 14.1;
						TestTargetID = FAA40B85294C6DF600FF153B;
					};
					FAA40B9F294C6DF800FF153B = {
						CreatedOnToolsVersion = 14.1;
						TestTargetID = FAA40B85294C6DF600FF153B;
					};
				};
			};
			buildConfigurationList = FAA40B81294C6DF600FF153B /* Build configuration list for PBXProject "seedship-manager" */;
			compatibilityVersion = "Xcode 14.0";
			developmentRegion = en;
			hasScannedForEncodings = 0;
			knownRegions = (
				en,
				Base,
			);
			mainGroup = FAA40B7D294C6DF600FF153B;
			productRefGroup = FAA40B87294C6DF600FF153B /* Products */;
			projectDirPath = "";
			projectRoot = "";
			targets = (
				FAA40B85294C6DF600FF153B /* seedship-manager */,
				FAA40B95294C6DF800FF153B /* seedship-managerTests */,
				FAA40B9F294C6DF800FF153B /* seedship-managerUITests */,
			);
		};
/* End PBXProject section */

/* Begin PBXResourcesBuildPhase section */
		FAA40B84294C6DF600FF153B /* Resources */ = {
			isa = PBXResourcesBuildPhase;
			buildActionMask = 2147483647;
			files = (
				FAA40BC4294D19D600FF153B /* Aldrich-Regular.ttf in Resources */,
				FAA40B91294C6DF800FF153B /* Preview Assets.xcassets in Resources */,
				FAA40B8E294C6DF800FF153B /* Assets.xcassets in Resources */,
			);
			runOnlyForDeploymentPostprocessing = 0;
		};
		FAA40B94294C6DF800FF153B /* Resources */ = {
			isa = PBXResourcesBuildPhase;
			buildActionMask = 2147483647;
			files = (
			);
			runOnlyForDeploymentPostprocessing = 0;
		};
		FAA40B9E294C6DF800FF153B /* Resources */ = {
			isa = PBXResourcesBuildPhase;
			buildActionMask = 2147483647;
			files = (
			);
			runOnlyForDeploymentPostprocessing = 0;
		};
/* End PBXResourcesBuildPhase section */

/* Begin PBXSourcesBuildPhase section */
		FAA40B82294C6DF600FF153B /* Sources */ = {
			isa = PBXSourcesBuildPhase;
			buildActionMask = 2147483647;
			files = (
				FAA40BD0294E553900FF153B /* VStackModifiers.swift in Sources */,
				FAA40B8C294C6DF600FF153B /* ContentView.swift in Sources */,
				FAA40BDB294F29A600FF153B /* SubheaderTechnical.swift in Sources */,
				FAA40BC8294D94A300FF153B /* TextModifiers.swift in Sources */,
				FAA40BD7294F207100FF153B /* CrewDatabase.swift in Sources */,
				FAA40BD5294E6F5B00FF153B /* HeaderTechnical.swift in Sources */,
				FAA40BBD294C78EB00FF153B /* db.xcdatamodeld in Sources */,
				FAA40BC1294D0B7A00FF153B /* HomeView.swift in Sources */,
				FAA40BCA294D95CE00FF153B /* Constants.swift in Sources */,
				FAA40B8A294C6DF600FF153B /* seedship_managerApp.swift in Sources */,
				FAA40BBA294C6F8200FF153B /* PersistenceController.swift in Sources */,
				FAA40BCE294DE21300FF153B /* CrewMemberItem.swift in Sources */,
				FAA40BD9294F272000FF153B /* HorizontalDivider.swift in Sources */,
			);
			runOnlyForDeploymentPostprocessing = 0;
		};
		FAA40B92294C6DF800FF153B /* Sources */ = {
			isa = PBXSourcesBuildPhase;
			buildActionMask = 2147483647;
			files = (
				FAA40B9B294C6DF800FF153B /* seedship_managerTests.swift in Sources */,
			);
			runOnlyForDeploymentPostprocessing = 0;
		};
		FAA40B9C294C6DF800FF153B /* Sources */ = {
			isa = PBXSourcesBuildPhase;
			buildActionMask = 2147483647;
			files = (
				FAA40BA5294C6DF800FF153B /* seedship_managerUITests.swift in Sources */,
				FAA40BA7294C6DF800FF153B /* seedship_managerUITestsLaunchTests.swift in Sources */,
			);
			runOnlyForDeploymentPostprocessing = 0;
		};
/* End PBXSourcesBuildPhase section */

/* Begin PBXTargetDependency section */
		FAA40B98294C6DF800FF153B /* PBXTargetDependency */ = {
			isa = PBXTargetDependency;
			target = FAA40B85294C6DF600FF153B /* seedship-manager */;
			targetProxy = FAA40B97294C6DF800FF153B /* PBXContainerItemProxy */;
		};
		FAA40BA2294C6DF800FF153B /* PBXTargetDependency */ = {
			isa = PBXTargetDependency;
			target = FAA40B85294C6DF600FF153B /* seedship-manager */;
			targetProxy = FAA40BA1294C6DF800FF153B /* PBXContainerItemProxy */;
		};
/* End PBXTargetDependency section */

/* Begin XCBuildConfiguration section */
		FAA40BA8294C6DF800FF153B /* Debug */ = {
			isa = XCBuildConfiguration;
			buildSettings = {
				ALWAYS_SEARCH_USER_PATHS = NO;
				CLANG_ANALYZER_NONNULL = YES;
				CLANG_ANALYZER_NUMBER_OBJECT_CONVERSION = YES_AGGRESSIVE;
				CLANG_CXX_LANGUAGE_STANDARD = "gnu++20";
				CLANG_ENABLE_MODULES = YES;
				CLANG_ENABLE_OBJC_ARC = YES;
				CLANG_ENABLE_OBJC_WEAK = YES;
				CLANG_WARN_BLOCK_CAPTURE_AUTORELEASING = YES;
				CLANG_WARN_BOOL_CONVERSION = YES;
				CLANG_WARN_COMMA = YES;
				CLANG_WARN_CONSTANT_CONVERSION = YES;
				CLANG_WARN_DEPRECATED_OBJC_IMPLEMENTATIONS = YES;
				CLANG_WARN_DIRECT_OBJC_ISA_USAGE = YES_ERROR;
				CLANG_WARN_DOCUMENTATION_COMMENTS = YES;
				CLANG_WARN_EMPTY_BODY = YES;
				CLANG_WARN_ENUM_CONVERSION = YES;
				CLANG_WARN_INFINITE_RECURSION = YES;
				CLANG_WARN_INT_CONVERSION = YES;
				CLANG_WARN_NON_LITERAL_NULL_CONVERSION = YES;
				CLANG_WARN_OBJC_IMPLICIT_RETAIN_SELF = YES;
				CLANG_WARN_OBJC_LITERAL_CONVERSION = YES;
				CLANG_WARN_OBJC_ROOT_CLASS = YES_ERROR;
				CLANG_WARN_QUOTED_INCLUDE_IN_FRAMEWORK_HEADER = YES;
				CLANG_WARN_RANGE_LOOP_ANALYSIS = YES;
				CLANG_WARN_STRICT_PROTOTYPES = YES;
				CLANG_WARN_SUSPICIOUS_MOVE = YES;
				CLANG_WARN_UNGUARDED_AVAILABILITY = YES_AGGRESSIVE;
				CLANG_WARN_UNREACHABLE_CODE = YES;
				CLANG_WARN__DUPLICATE_METHOD_MATCH = YES;
				COPY_PHASE_STRIP = NO;
				DEBUG_INFORMATION_FORMAT = dwarf;
				ENABLE_STRICT_OBJC_MSGSEND = YES;
				ENABLE_TESTABILITY = YES;
				GCC_C_LANGUAGE_STANDARD = gnu11;
				GCC_DYNAMIC_NO_PIC = NO;
				GCC_NO_COMMON_BLOCKS = YES;
				GCC_OPTIMIZATION_LEVEL = 0;
				GCC_PREPROCESSOR_DEFINITIONS = (
					"DEBUG=1",
					"$(inherited)",
				);
				GCC_WARN_64_TO_32_BIT_CONVERSION = YES;
				GCC_WARN_ABOUT_RETURN_TYPE = YES_ERROR;
				GCC_WARN_UNDECLARED_SELECTOR = YES;
				GCC_WARN_UNINITIALIZED_AUTOS = YES_AGGRESSIVE;
				GCC_WARN_UNUSED_FUNCTION = YES;
				GCC_WARN_UNUSED_VARIABLE = YES;
				IPHONEOS_DEPLOYMENT_TARGET = 16.1;
				MTL_ENABLE_DEBUG_INFO = INCLUDE_SOURCE;
				MTL_FAST_MATH = YES;
				ONLY_ACTIVE_ARCH = YES;
				SDKROOT = iphoneos;
				SWIFT_ACTIVE_COMPILATION_CONDITIONS = DEBUG;
				SWIFT_OPTIMIZATION_LEVEL = "-Onone";
			};
			name = Debug;
		};
		FAA40BA9294C6DF800FF153B /* Release */ = {
			isa = XCBuildConfiguration;
			buildSettings = {
				ALWAYS_SEARCH_USER_PATHS = NO;
				CLANG_ANALYZER_NONNULL = YES;
				CLANG_ANALYZER_NUMBER_OBJECT_CONVERSION = YES_AGGRESSIVE;
				CLANG_CXX_LANGUAGE_STANDARD = "gnu++20";
				CLANG_ENABLE_MODULES = YES;
				CLANG_ENABLE_OBJC_ARC = YES;
				CLANG_ENABLE_OBJC_WEAK = YES;
				CLANG_WARN_BLOCK_CAPTURE_AUTORELEASING = YES;
				CLANG_WARN_BOOL_CONVERSION = YES;
				CLANG_WARN_COMMA = YES;
				CLANG_WARN_CONSTANT_CONVERSION = YES;
				CLANG_WARN_DEPRECATED_OBJC_IMPLEMENTATIONS = YES;
				CLANG_WARN_DIRECT_OBJC_ISA_USAGE = YES_ERROR;
				CLANG_WARN_DOCUMENTATION_COMMENTS = YES;
				CLANG_WARN_EMPTY_BODY = YES;
				CLANG_WARN_ENUM_CONVERSION = YES;
				CLANG_WARN_INFINITE_RECURSION = YES;
				CLANG_WARN_INT_CONVERSION = YES;
				CLANG_WARN_NON_LITERAL_NULL_CONVERSION = YES;
				CLANG_WARN_OBJC_IMPLICIT_RETAIN_SELF = YES;
				CLANG_WARN_OBJC_LITERAL_CONVERSION = YES;
				CLANG_WARN_OBJC_ROOT_CLASS = YES_ERROR;
				CLANG_WARN_QUOTED_INCLUDE_IN_FRAMEWORK_HEADER = YES;
				CLANG_WARN_RANGE_LOOP_ANALYSIS = YES;
				CLANG_WARN_STRICT_PROTOTYPES = YES;
				CLANG_WARN_SUSPICIOUS_MOVE = YES;
				CLANG_WARN_UNGUARDED_AVAILABILITY = YES_AGGRESSIVE;
				CLANG_WARN_UNREACHABLE_CODE = YES;
				CLANG_WARN__DUPLICATE_METHOD_MATCH = YES;
				COPY_PHASE_STRIP = NO;
				DEBUG_INFORMATION_FORMAT = "dwarf-with-dsym";
				ENABLE_NS_ASSERTIONS = NO;
				ENABLE_STRICT_OBJC_MSGSEND = YES;
				GCC_C_LANGUAGE_STANDARD = gnu11;
				GCC_NO_COMMON_BLOCKS = YES;
				GCC_WARN_64_TO_32_BIT_CONVERSION = YES;
				GCC_WARN_ABOUT_RETURN_TYPE = YES_ERROR;
				GCC_WARN_UNDECLARED_SELECTOR = YES;
				GCC_WARN_UNINITIALIZED_AUTOS = YES_AGGRESSIVE;
				GCC_WARN_UNUSED_FUNCTION = YES;
				GCC_WARN_UNUSED_VARIABLE = YES;
				IPHONEOS_DEPLOYMENT_TARGET = 16.1;
				MTL_ENABLE_DEBUG_INFO = NO;
				MTL_FAST_MATH = YES;
				SDKROOT = iphoneos;
				SWIFT_COMPILATION_MODE = wholemodule;
				SWIFT_OPTIMIZATION_LEVEL = "-O";
				VALIDATE_PRODUCT = YES;
			};
			name = Release;
		};
		FAA40BAB294C6DF800FF153B /* Debug */ = {
			isa = XCBuildConfiguration;
			buildSettings = {
				ASSETCATALOG_COMPILER_APPICON_NAME = AppIcon;
				ASSETCATALOG_COMPILER_GLOBAL_ACCENT_COLOR_NAME = AccentColor;
				CODE_SIGN_STYLE = Automatic;
				CURRENT_PROJECT_VERSION = 1;
				DEVELOPMENT_ASSET_PATHS = "\"seedship-manager/Preview Content\"";
				DEVELOPMENT_TEAM = GWMR79XQ6J;
				ENABLE_PREVIEWS = YES;
				GENERATE_INFOPLIST_FILE = YES;
				INFOPLIST_FILE = "seedship-manager/Info.plist";
				INFOPLIST_KEY_UIApplicationSceneManifest_Generation = YES;
				INFOPLIST_KEY_UIApplicationSupportsIndirectInputEvents = YES;
				INFOPLIST_KEY_UILaunchScreen_Generation = YES;
				INFOPLIST_KEY_UISupportedInterfaceOrientations_iPad = "UIInterfaceOrientationPortrait UIInterfaceOrientationPortraitUpsideDown UIInterfaceOrientationLandscapeLeft UIInterfaceOrientationLandscapeRight";
				INFOPLIST_KEY_UISupportedInterfaceOrientations_iPhone = "UIInterfaceOrientationPortrait UIInterfaceOrientationLandscapeLeft UIInterfaceOrientationLandscapeRight";
				LD_RUNPATH_SEARCH_PATHS = (
					"$(inherited)",
					"@executable_path/Frameworks",
				);
				MARKETING_VERSION = 1.0;
				PRODUCT_BUNDLE_IDENTIFIER = "com.example.seedship-manager";
				PRODUCT_NAME = "$(TARGET_NAME)";
				SWIFT_EMIT_LOC_STRINGS = YES;
				SWIFT_VERSION = 5.0;
				TARGETED_DEVICE_FAMILY = "1,2";
			};
			name = Debug;
		};
		FAA40BAC294C6DF800FF153B /* Release */ = {
			isa = XCBuildConfiguration;
			buildSettings = {
				ASSETCATALOG_COMPILER_APPICON_NAME = AppIcon;
				ASSETCATALOG_COMPILER_GLOBAL_ACCENT_COLOR_NAME = AccentColor;
				CODE_SIGN_STYLE = Automatic;
				CURRENT_PROJECT_VERSION = 1;
				DEVELOPMENT_ASSET_PATHS = "\"seedship-manager/Preview Content\"";
				DEVELOPMENT_TEAM = GWMR79XQ6J;
				ENABLE_PREVIEWS = YES;
				GENERATE_INFOPLIST_FILE = YES;
				INFOPLIST_FILE = "seedship-manager/Info.plist";
				INFOPLIST_KEY_UIApplicationSceneManifest_Generation = YES;
				INFOPLIST_KEY_UIApplicationSupportsIndirectInputEvents = YES;
				INFOPLIST_KEY_UILaunchScreen_Generation = YES;
				INFOPLIST_KEY_UISupportedInterfaceOrientations_iPad = "UIInterfaceOrientationPortrait UIInterfaceOrientationPortraitUpsideDown UIInterfaceOrientationLandscapeLeft UIInterfaceOrientationLandscapeRight";
				INFOPLIST_KEY_UISupportedInterfaceOrientations_iPhone = "UIInterfaceOrientationPortrait UIInterfaceOrientationLandscapeLeft UIInterfaceOrientationLandscapeRight";
				LD_RUNPATH_SEARCH_PATHS = (
					"$(inherited)",
					"@executable_path/Frameworks",
				);
				MARKETING_VERSION = 1.0;
				PRODUCT_BUNDLE_IDENTIFIER = "com.example.seedship-manager";
				PRODUCT_NAME = "$(TARGET_NAME)";
				SWIFT_EMIT_LOC_STRINGS = YES;
				SWIFT_VERSION = 5.0;
				TARGETED_DEVICE_FAMILY = "1,2";
			};
			name = Release;
		};
		FAA40BAE294C6DF800FF153B /* Debug */ = {
			isa = XCBuildConfiguration;
			buildSettings = {
				ALWAYS_EMBED_SWIFT_STANDARD_LIBRARIES = YES;
				BUNDLE_LOADER = "$(TEST_HOST)";
				CODE_SIGN_STYLE = Automatic;
				CURRENT_PROJECT_VERSION = 1;
				DEVELOPMENT_TEAM = GWMR79XQ6J;
				GENERATE_INFOPLIST_FILE = YES;
				IPHONEOS_DEPLOYMENT_TARGET = 16.1;
				MARKETING_VERSION = 1.0;
				PRODUCT_BUNDLE_IDENTIFIER = "com.example.seedship-managerTests";
				PRODUCT_NAME = "$(TARGET_NAME)";
				SWIFT_EMIT_LOC_STRINGS = NO;
				SWIFT_VERSION = 5.0;
				TARGETED_DEVICE_FAMILY = "1,2";
				TEST_HOST = "$(BUILT_PRODUCTS_DIR)/seedship-manager.app/$(BUNDLE_EXECUTABLE_FOLDER_PATH)/seedship-manager";
			};
			name = Debug;
		};
		FAA40BAF294C6DF800FF153B /* Release */ = {
			isa = XCBuildConfiguration;
			buildSettings = {
				ALWAYS_EMBED_SWIFT_STANDARD_LIBRARIES = YES;
				BUNDLE_LOADER = "$(TEST_HOST)";
				CODE_SIGN_STYLE = Automatic;
				CURRENT_PROJECT_VERSION = 1;
				DEVELOPMENT_TEAM = GWMR79XQ6J;
				GENERATE_INFOPLIST_FILE = YES;
				IPHONEOS_DEPLOYMENT_TARGET = 16.1;
				MARKETING_VERSION = 1.0;
				PRODUCT_BUNDLE_IDENTIFIER = "com.example.seedship-managerTests";
				PRODUCT_NAME = "$(TARGET_NAME)";
				SWIFT_EMIT_LOC_STRINGS = NO;
				SWIFT_VERSION = 5.0;
				TARGETED_DEVICE_FAMILY = "1,2";
				TEST_HOST = "$(BUILT_PRODUCTS_DIR)/seedship-manager.app/$(BUNDLE_EXECUTABLE_FOLDER_PATH)/seedship-manager";
			};
			name = Release;
		};
		FAA40BB1294C6DF800FF153B /* Debug */ = {
			isa = XCBuildConfiguration;
			buildSettings = {
				ALWAYS_EMBED_SWIFT_STANDARD_LIBRARIES = YES;
				CODE_SIGN_STYLE = Automatic;
				CURRENT_PROJECT_VERSION = 1;
				DEVELOPMENT_TEAM = GWMR79XQ6J;
				GENERATE_INFOPLIST_FILE = YES;
				MARKETING_VERSION = 1.0;
				PRODUCT_BUNDLE_IDENTIFIER = "com.example.seedship-managerUITests";
				PRODUCT_NAME = "$(TARGET_NAME)";
				SWIFT_EMIT_LOC_STRINGS = NO;
				SWIFT_VERSION = 5.0;
				TARGETED_DEVICE_FAMILY = "1,2";
				TEST_TARGET_NAME = "seedship-manager";
			};
			name = Debug;
		};
		FAA40BB2294C6DF800FF153B /* Release */ = {
			isa = XCBuildConfiguration;
			buildSettings = {
				ALWAYS_EMBED_SWIFT_STANDARD_LIBRARIES = YES;
				CODE_SIGN_STYLE = Automatic;
				CURRENT_PROJECT_VERSION = 1;
				DEVELOPMENT_TEAM = GWMR79XQ6J;
				GENERATE_INFOPLIST_FILE = YES;
				MARKETING_VERSION = 1.0;
				PRODUCT_BUNDLE_IDENTIFIER = "com.example.seedship-managerUITests";
				PRODUCT_NAME = "$(TARGET_NAME)";
				SWIFT_EMIT_LOC_STRINGS = NO;
				SWIFT_VERSION = 5.0;
				TARGETED_DEVICE_FAMILY = "1,2";
				TEST_TARGET_NAME = "seedship-manager";
			};
			name = Release;
		};
/* End XCBuildConfiguration section */

/* Begin XCConfigurationList section */
		FAA40B81294C6DF600FF153B /* Build configuration list for PBXProject "seedship-manager" */ = {
			isa = XCConfigurationList;
			buildConfigurations = (
				FAA40BA8294C6DF800FF153B /* Debug */,
				FAA40BA9294C6DF800FF153B /* Release */,
			);
			defaultConfigurationIsVisible = 0;
			defaultConfigurationName = Release;
		};
		FAA40BAA294C6DF800FF153B /* Build configuration list for PBXNativeTarget "seedship-manager" */ = {
			isa = XCConfigurationList;
			buildConfigurations = (
				FAA40BAB294C6DF800FF153B /* Debug */,
				FAA40BAC294C6DF800FF153B /* Release */,
			);
			defaultConfigurationIsVisible = 0;
			defaultConfigurationName = Release;
		};
		FAA40BAD294C6DF800FF153B /* Build configuration list for PBXNativeTarget "seedship-managerTests" */ = {
			isa = XCConfigurationList;
			buildConfigurations = (
				FAA40BAE294C6DF800FF153B /* Debug */,
				FAA40BAF294C6DF800FF153B /* Release */,
			);
			defaultConfigurationIsVisible = 0;
			defaultConfigurationName = Release;
		};
		FAA40BB0294C6DF800FF153B /* Build configuration list for PBXNativeTarget "seedship-managerUITests" */ = {
			isa = XCConfigurationList;
			buildConfigurations = (
				FAA40BB1294C6DF800FF153B /* Debug */,
				FAA40BB2294C6DF800FF153B /* Release */,
			);
			defaultConfigurationIsVisible = 0;
			defaultConfigurationName = Release;
		};
/* End XCConfigurationList section */

/* Begin XCVersionGroup section */
		FAA40BBB294C78EB00FF153B /* db.xcdatamodeld */ = {
			isa = XCVersionGroup;
			children = (
				FAA40BBC294C78EB00FF153B /* db.xcdatamodel */,
			);
			currentVersion = FAA40BBC294C78EB00FF153B /* db.xcdatamodel */;
			path = db.xcdatamodeld;
			sourceTree = "<group>";
			versionGroupType = wrapper.xcdatamodel;
		};
/* End XCVersionGroup section */
	};
	rootObject = FAA40B7E294C6DF600FF153B /* Project object */;
}
